
Microsoft Visual Studio Solution File, Format Version 12.00
# Visual Studio Version 17
VisualStudioVersion = 17.12.35527.113
MinimumVisualStudioVersion = 10.0.40219.1
Project("{FAE04EC0-301F-11D3-BF4B-00C04F79EFBC}") = "Api", "Api.csproj", "{DEBA58DB-7207-483D-8758-D30351B86CE5}"
EndProject

Global
	GlobalSection(SolutionConfigurationPlatforms) = preSolution
		Debug|Any CPU = Debug|Any CPU
		Release|Any CPU = Release|Any CPU
	EndGlobalSection
	GlobalSection(ProjectConfigurationPlatforms) = postSolution
		{DEBA58DB-7207-483D-8758-D30351B86CE5}.Debug|Any CPU.ActiveCfg = Debug|Any CPU
		{DEBA58DB-7207-483D-8758-D30351B86CE5}.Debug|Any CPU.Build.0 = Debug|Any CPU
		{DEBA58DB-7207-483D-8758-D30351B86CE5}.Release|Any CPU.ActiveCfg = Release|Any CPU
		{DEBA58DB-7207-483D-8758-D30351B86CE5}.Release|Any CPU.Build.0 = Release|Any CPU
		{140328ED-1BAC-429C-84DB-52A8B73135B2}.Debug|Any CPU.ActiveCfg = Debug|Any CPU
		{140328ED-1BAC-429C-84DB-52A8B73135B2}.Debug|Any CPU.Build.0 = Debug|Any CPU
		{140328ED-1BAC-429C-84DB-52A8B73135B2}.Release|Any CPU.ActiveCfg = Release|Any CPU
		{140328ED-1BAC-429C-84DB-52A8B73135B2}.Release|Any CPU.Build.0 = Release|Any CPU
	EndGlobalSection
	GlobalSection(SolutionProperties) = preSolution
		HideSolutionNode = FALSE
	EndGlobalSection
EndGlobal
